{
  "name": "esta-tracker-clean",
  "version": "1.0.0",
  "lockfileVersion": 3,
  "requires": true,
  "packages": {
    "": {
      "dependencies": {
        "firebase": "^10.13.2",
        "react": "^18.3.1",
        "react-dom": "^18.3.1",
        "react-router-dom": "^6.26.2",
        "react-scripts": "5.0.1"
      },
      "engines": {
        "node": "20.x"
      }
    },
    "node_modules/@ampproject/remapping": {
      "version": "2.2.1",
      "resolved": "https://registry.npmjs.org/@ampproject/remapping/-/remapping-2.2.1.tgz",
      "integrity": "sha512-lFMj9iqw5lR8r5l7XxC3upb3Lq++wEkc1Yk+w9EZk8rT2sAD8ny3OYD9sRTy3hD1rD7h+1bxtME7nY6nO3fsw==",
      "dev": true,
      "dependencies": {
        "@jridgewell/gen-mapping": "^0.3.5",
        "@jridgewell/trace-mapping": "^0.3.9"
      },
      "engines": {
        "node": ">=6.0.0"
      }
    },
    "node_modules/@babel/code-frame": {
      "version": "7.24.2",
      "resolved": "https://registry.npmjs.org/@babel/code-frame/-/code-frame-7.24.2.tgz",
      "integrity": "sha512-EbpeoVM2KEmNqGWHr6c5L5uM8TN0gX6Fv3eC+6IHF5+9lvpXkE7lM3n4NhjL8xzvV7CjElb6O4v9E5P9DZx5g==",
      "dev": true,
      "dependencies": {
        "@babel/highlight": "^7.24.2",
        "chalk": "^2.4.2"
      },
      "engines": {
        "node": ">=6.9.0"
      }
    },
    "node_modules/@babel/compat-data": {
      "version": "7.24.1",
      "resolved": "https://registry.npmjs.org/@babel/compat-data/-/compat-data-7.24.1.tgz",
      "integrity": "sha512-VPwgCrlY0Y+JxP+JqC7m9/dxY7kT8T2s6bQ9lNLEGfDXGHhRIT9V9DFpLOH6L6bXVExkIEX4tQ49/9GftE9E/1y7mUjO5pniA==",
      "dev": true,
      "engines": {
        "node": ">=6.9.0"
      }
    },
    "node_modules/@babel/core": {
      "version": "7.24.4",
      "resolved": "https://registry.npmjs.org/@babel/core/-/core-7.24.4.tgz",
      "integrity": "sha512-SZ7qJ0q8p6qYohzW54uzlHRxK+haQ8HHSXqKwVqS5iW+A9M+9+vxC+5jRyqG2mK7nzWqT8s6bQ9lNLEGfDXGHhRIT9V9DFpLOH6L/+lFmnXGLlGBYOEN92NbX0Z92CgXWg==",
      "dev": true,
      "dependencies": {
        "@ampproject/remapping": "^2.2.1",
        "@babel/code-frame": "^7.24.2",
        "@babel/generator": "^7.24.4",
        "@babel/helper-compilation-targets": "^7.23.6",
        "@babel/helper-module-transforms": "^7.23.3",
        "@babel/helpers": "^7.24.1",
        "@babel/parser": "^7.24.4",
        "@babel/template": "^7.24.0",
        "@babel/traverse": "^7.24.1",
        "@babel/types": "^7.24.0",
        "convert-source-map": "^2.0.0",
        "debug": "^4.1.0",
        "gensync": "^1.0.0-beta.2",
        "json5": "^2.2.3",
        "semver": "^6.3.1"
      },
      "engines": {
        "node": ">=6.9.0"
      },
      "funding": {
        "type": "opencollective",
        "url": "https://opencollective.com/babel"
      }
    },
    "node_modules/@babel/generator": {
      "version": "7.24.4",
      "resolved": "https://registry.npmjs.org/@babel/generator/-/generator-7.24.4.tgz",
      "integrity": "sha512-2zGqRSTAZ3g1Y0wYLGujn8j9p5mrI2zIX5b8wmiz7R4hB1D6q4sPHc9M3zL+fUjN7ADnH3O2Y0f9xxMseHrg==",
      "dev": true,
      "dependencies": {
        "@babel/types": "^7.24.0",
        "@jridgewell/gen-mapping": "^0.3.5",
        "jsesc": "^2.5.2"
      },
      "engines": {
        "node": ">=6.9.0"
      }
    },
    "node_modules/@babel/helper-annotate-as-pure": {
      "version": "7.22.5",
      "resolved": "https://registry.npmjs.org/@babel/helper-annotate-as-pure/-/helper-annotate-as-pure-7.22.5.tgz",
      "integrity": "sha512-5S9H0gfHtuC4X5LD1g1s1M6r4B5dQ7qO1O0bN8Q5t0Qv2E4r+6R5X0L0g+uuT9U6R9YVemYbA==",
      "dev": true,
      "dependencies": {
        "@babel/types": "^7.22.5"
      },
      "engines": {
        "node": ">=6.9.0"
      }
    },
    "node_modules/@babel/helper-builder-binary-assignment-operator-visitor": {
      "version": "7.22.15",
      "resolved": "https://registry.npmjs.org/@babel/helper-builder-binary-assignment-operator-visitor/-/helper-builder-binary-assignment-operator-visitor-7.22.15.tgz",
      "integrity": "sha512-+cK9F0mss6dTxS4bT1Z4v7eRFHg0l+wZq0c6iV2uWjZ5K0L+5L3QcR1LAYtwteXJPXygp5fMM1mshBWT6xQHg==",
      "dev": true,
      "dependencies": {
        "@babel/helper-explode-assignable-expression": "^7.22.10",
        "@babel/types": "^7.22.15"
      },
      "engines": {
        "node": ">=6.9.0"
      }
    },
    "node_modules/@babel/helper-compilation-targets": {
      "version": "7.23.6",
      "resolved": "https://registry.npmjs.org/@babel/helper-compilation-targets/-/helper-compilation-targets-7.23.6.tgz",
      "integrity": "sha512-Qw7ZN2W5t9Yq0wC7m9/dxY7kT8T2s6bQ9lNLEGfDXGHhRIT9V9DFpLOH6L6bXVExkIEX4tQ49
